// !$*UTF8*$!
{
	archiveVersion = 1;
	classes = {
	};
	objectVersion = 56;
	objects = {

/* Begin PBXBuildFile section */
		EF8DDC4A2C32B8A900DA115A /* Preview Assets.xcassets in Resources */ = {isa = PBXBuildFile; fileRef = EF8DDC3E2C32B8A900DA115A /* Preview Assets.xcassets */; };
		EF8DDC4B2C32B8A900DA115A /* Assets.xcassets in Resources */ = {isa = PBXBuildFile; fileRef = EF8DDC402C32B8A900DA115A /* Assets.xcassets */; };
		EF8DDC4C2C32B8A900DA115A /* ContentView.swift in Sources */ = {isa = PBXBuildFile; fileRef = EF8DDC412C32B8A900DA115A /* ContentView.swift */; };
		EF8DDC4D2C32B8A900DA115A /* Helper.swift in Sources */ = {isa = PBXBuildFile; fileRef = EF8DDC422C32B8A900DA115A /* Helper.swift */; };
		EF8DDC4E2C32B8A900DA115A /* iodineApp.swift in Sources */ = {isa = PBXBuildFile; fileRef = EF8DDC432C32B8A900DA115A /* iodineApp.swift */; };
		EF8DDC4F2C32B8A900DA115A /* ItemDetail.swift in Sources */ = {isa = PBXBuildFile; fileRef = EF8DDC442C32B8A900DA115A /* ItemDetail.swift */; };
		EF8DDC502C32B8A900DA115A /* ItemRow.swift in Sources */ = {isa = PBXBuildFile; fileRef = EF8DDC452C32B8A900DA115A /* ItemRow.swift */; };
		EF8DDC512C32B8A900DA115A /* menu.json in Resources */ = {isa = PBXBuildFile; fileRef = EF8DDC462C32B8A900DA115A /* menu.json */; };
		EF8DDC522C32B8A900DA115A /* Menu.swift in Sources */ = {isa = PBXBuildFile; fileRef = EF8DDC472C32B8A900DA115A /* Menu.swift */; };
		EF8DDC532C32B8A900DA115A /* Order.swift in Sources */ = {isa = PBXBuildFile; fileRef = EF8DDC482C32B8A900DA115A /* Order.swift */; };
		EF8DDC552C32BD1F00DA115A /* OrderView.swift in Sources */ = {isa = PBXBuildFile; fileRef = EF8DDC542C32BD1F00DA115A /* OrderView.swift */; };
		EF8DDC572C32C08700DA115A /* MainView.swift in Sources */ = {isa = PBXBuildFile; fileRef = EF8DDC562C32C08700DA115A /* MainView.swift */; };
		EF8DDC592C32C3AD00DA115A /* CheckOutView.swift in Sources */ = {isa = PBXBuildFile; fileRef = EF8DDC582C32C3AD00DA115A /* CheckOutView.swift */; };
/* End PBXBuildFile section */

/* Begin PBXFileReference section */
		EF388E5E2C3281F2004A15A2 /* iDine.app */ = {isa = PBXFileReference; explicitFileType = wrapper.application; includeInIndex = 0; path = iDine.app; sourceTree = BUILT_PRODUCTS_DIR; };
		EF8DDC3E2C32B8A900DA115A /* Preview Assets.xcassets */ = {isa = PBXFileReference; lastKnownFileType = folder.assetcatalog; path = "Preview Assets.xcassets"; sourceTree = "<group>"; };
		EF8DDC402C32B8A900DA115A /* Assets.xcassets */ = {isa = PBXFileReference; lastKnownFileType = folder.assetcatalog; path = Assets.xcassets; sourceTree = "<group>"; };
		EF8DDC412C32B8A900DA115A /* ContentView.swift */ = {isa = PBXFileReference; fileEncoding = 4; lastKnownFileType = sourcecode.swift; path = ContentView.swift; sourceTree = "<group>"; };
		EF8DDC422C32B8A900DA115A /* Helper.swift */ = {isa = PBXFileReference; fileEncoding = 4; lastKnownFileType = sourcecode.swift; path = Helper.swift; sourceTree = "<group>"; };
		EF8DDC432C32B8A900DA115A /* iodineApp.swift */ = {isa = PBXFileReference; fileEncoding = 4; lastKnownFileType = sourcecode.swift; path = iodineApp.swift; sourceTree = "<group>"; };
		EF8DDC442C32B8A900DA115A /* ItemDetail.swift */ = {isa = PBXFileReference; fileEncoding = 4; lastKnownFileType = sourcecode.swift; path = ItemDetail.swift; sourceTree = "<group>"; };
		EF8DDC452C32B8A900DA115A /* ItemRow.swift */ = {isa = PBXFileReference; fileEncoding = 4; lastKnownFileType = sourcecode.swift; path = ItemRow.swift; sourceTree = "<group>"; };
		EF8DDC462C32B8A900DA115A /* menu.json */ = {isa = PBXFileReference; fileEncoding = 4; lastKnownFileType = text.json; path = menu.json; sourceTree = "<group>"; };
		EF8DDC472C32B8A900DA115A /* Menu.swift */ = {isa = PBXFileReference; fileEncoding = 4; lastKnownFileType = sourcecode.swift; path = Menu.swift; sourceTree = "<group>"; };
		EF8DDC482C32B8A900DA115A /* Order.swift */ = {isa = PBXFileReference; fileEncoding = 4; lastKnownFileType = sourcecode.swift; path = Order.swift; sourceTree = "<group>"; };
		EF8DDC542C32BD1F00DA115A /* OrderView.swift */ = {isa = PBXFileReference; lastKnownFileType = sourcecode.swift; path = OrderView.swift; sourceTree = "<group>"; };
		EF8DDC562C32C08700DA115A /* MainView.swift */ = {isa = PBXFileReference; lastKnownFileType = sourcecode.swift; path = MainView.swift; sourceTree = "<group>"; };
		EF8DDC582C32C3AD00DA115A /* CheckOutView.swift */ = {isa = PBXFileReference; lastKnownFileType = sourcecode.swift; path = CheckOutView.swift; sourceTree = "<group>"; };
/* End PBXFileReference section */

/* Begin PBXFrameworksBuildPhase section */
		EF388E5B2C3281F2004A15A2 /* Frameworks */ = {
			isa = PBXFrameworksBuildPhase;
			buildActionMask = 2147483647;
			files = (
			);
			runOnlyForDeploymentPostprocessing = 0;
		};
/* End PBXFrameworksBuildPhase section */

/* Begin PBXGroup section */
		EF388E552C3281F2004A15A2 = {
			isa = PBXGroup;
			children = (
				EF8DDC492C32B8A900DA115A /* iDine */,
				EF388E5F2C3281F2004A15A2 /* Products */,
			);
			sourceTree = "<group>";
		};
		EF388E5F2C3281F2004A15A2 /* Products */ = {
			isa = PBXGroup;
			children = (
				EF388E5E2C3281F2004A15A2 /* iDine.app */,
			);
			name = Products;
			sourceTree = "<group>";
		};
		EF8DDC3F2C32B8A900DA115A /* Preview Content */ = {
			isa = PBXGroup;
			children = (
				EF8DDC3E2C32B8A900DA115A /* Preview Assets.xcassets */,
			);
			path = "Preview Content";
			sourceTree = "<group>";
		};
		EF8DDC492C32B8A900DA115A /* iDine */ = {
			isa = PBXGroup;
			children = (
				EF8DDC432C32B8A900DA115A /* iodineApp.swift */,
				EF8DDC562C32C08700DA115A /* MainView.swift */,
				EF8DDC412C32B8A900DA115A /* ContentView.swift */,
				EF8DDC452C32B8A900DA115A /* ItemRow.swift */,
				EF8DDC442C32B8A900DA115A /* ItemDetail.swift */,
				EF8DDC542C32BD1F00DA115A /* OrderView.swift */,
				EF8DDC582C32C3AD00DA115A /* CheckOutView.swift */,
				EF8DDC422C32B8A900DA115A /* Helper.swift */,
				EF8DDC472C32B8A900DA115A /* Menu.swift */,
				EF8DDC482C32B8A900DA115A /* Order.swift */,
				EF8DDC462C32B8A900DA115A /* menu.json */,
				EF8DDC402C32B8A900DA115A /* Assets.xcassets */,
				EF8DDC3F2C32B8A900DA115A /* Preview Content */,
			);
			path = iDine;
			sourceTree = "<group>";
		};
/* End PBXGroup section */

/* Begin PBXNativeTarget section */
		EF388E5D2C3281F2004A15A2 /* iDine */ = {
			isa = PBXNativeTarget;
			buildConfigurationList = EF388E6C2C3281F3004A15A2 /* Build configuration list for PBXNativeTarget "iDine" */;
			buildPhases = (
				EF388E5A2C3281F2004A15A2 /* Sources */,
				EF388E5B2C3281F2004A15A2 /* Frameworks */,
				EF388E5C2C3281F2004A15A2 /* Resources */,
			);
			buildRules = (
			);
			dependencies = (
			);
			name = iDine;
			productName = iodine;
			productReference = EF388E5E2C3281F2004A15A2 /* iDine.app */;
			productType = "com.apple.product-type.application";
		};
/* End PBXNativeTarget section */

/* Begin PBXProject section */
		EF388E562C3281F2004A15A2 /* Project object */ = {
			isa = PBXProject;
			attributes = {
				BuildIndependentTargetsInParallel = 1;
				LastSwiftUpdateCheck = 1540;
				LastUpgradeCheck = 1540;
				TargetAttributes = {
					EF388E5D2C3281F2004A15A2 = {
						CreatedOnToolsVersion = 15.4;
					};
				};
			};
			buildConfigurationList = EF388E592C3281F2004A15A2 /* Build configuration list for PBXProject "iDine" */;
			compatibilityVersion = "Xcode 14.0";
			developmentRegion = en;
			hasScannedForEncodings = 0;
			knownRegions = (
				en,
				Base,
			);
			mainGroup = EF388E552C3281F2004A15A2;
			productRefGroup = EF388E5F2C3281F2004A15A2 /* Products */;
			projectDirPath = "";
			projectRoot = "";
			targets = (
				EF388E5D2C3281F2004A15A2 /* iDine */,
			);
		};
/* End PBXProject section */

/* Begin PBXResourcesBuildPhase section */
		EF388E5C2C3281F2004A15A2 /* Resources */ = {
			isa = PBXResourcesBuildPhase;
			buildActionMask = 2147483647;
			files = (
				EF8DDC512C32B8A900DA115A /* menu.json in Resources */,
				EF8DDC4A2C32B8A900DA115A /* Preview Assets.xcassets in Resources */,
				EF8DDC4B2C32B8A900DA115A /* Assets.xcassets in Resources */,
			);
			runOnlyForDeploymentPostprocessing = 0;
		};
/* End PBXResourcesBuildPhase section */

/* Begin PBXSourcesBuildPhase section */
		EF388E5A2C3281F2004A15A2 /* Sources */ = {
			isa = PBXSourcesBuildPhase;
			buildActionMask = 2147483647;
			files = (
				EF8DDC4F2C32B8A900DA115A /* ItemDetail.swift in Sources */,
				EF8DDC572C32C08700DA115A /* MainView.swift in Sources */,
				EF8DDC552C32BD1F00DA115A /* OrderView.swift in Sources */,
				EF8DDC502C32B8A900DA115A /* ItemRow.swift in Sources */,
				EF8DDC4C2C32B8A900DA115A /* ContentView.swift in Sources */,
				EF8DDC4E2C32B8A900DA115A /* iodineApp.swift in Sources */,
				EF8DDC592C32C3AD00DA115A /* CheckOutView.swift in Sources */,
				EF8DDC532C32B8A900DA115A /* Order.swift in Sources */,
				EF8DDC4D2C32B8A900DA115A /* Helper.swift in Sources */,
				EF8DDC522C32B8A900DA115A /* Menu.swift in Sources */,
			);
			runOnlyForDeploymentPostprocessing = 0;
		};
/* End PBXSourcesBuildPhase section */

/* Begin XCBuildConfiguration section */
		EF388E6A2C3281F3004A15A2 /* Debug */ = {
			isa = XCBuildConfiguration;
			buildSettings = {
				ALWAYS_SEARCH_USER_PATHS = NO;
				ASSETCATALOG_COMPILER_GENERATE_SWIFT_ASSET_SYMBOL_EXTENSIONS = YES;
				CLANG_ANALYZER_NONNULL = YES;
				CLANG_ANALYZER_NUMBER_OBJECT_CONVERSION = YES_AGGRESSIVE;
				CLANG_CXX_LANGUAGE_STANDARD = "gnu++20";
				CLANG_ENABLE_MODULES = YES;
				CLANG_ENABLE_OBJC_ARC = YES;
				CLANG_ENABLE_OBJC_WEAK = YES;
				CLANG_WARN_BLOCK_CAPTURE_AUTORELEASING = YES;
				CLANG_WARN_BOOL_CONVERSION = YES;
				CLANG_WARN_COMMA = YES;
				CLANG_WARN_CONSTANT_CONVERSION = YES;
				CLANG_WARN_DEPRECATED_OBJC_IMPLEMENTATIONS = YES;
				CLANG_WARN_DIRECT_OBJC_ISA_USAGE = YES_ERROR;
				CLANG_WARN_DOCUMENTATION_COMMENTS = YES;
				CLANG_WARN_EMPTY_BODY = YES;
				CLANG_WARN_ENUM_CONVERSION = YES;
				CLANG_WARN_INFINITE_RECURSION = YES;
				CLANG_WARN_INT_CONVERSION = YES;
				CLANG_WARN_NON_LITERAL_NULL_CONVERSION = YES;
				CLANG_WARN_OBJC_IMPLICIT_RETAIN_SELF = YES;
				CLANG_WARN_OBJC_LITERAL_CONVERSION = YES;
				CLANG_WARN_OBJC_ROOT_CLASS = YES_ERROR;
				CLANG_WARN_QUOTED_INCLUDE_IN_FRAMEWORK_HEADER = YES;
				CLANG_WARN_RANGE_LOOP_ANALYSIS = YES;
				CLANG_WARN_STRICT_PROTOTYPES = YES;
				CLANG_WARN_SUSPICIOUS_MOVE = YES;
				CLANG_WARN_UNGUARDED_AVAILABILITY = YES_AGGRESSIVE;
				CLANG_WARN_UNREACHABLE_CODE = YES;
				CLANG_WARN__DUPLICATE_METHOD_MATCH = YES;
				COPY_PHASE_STRIP = NO;
				DEBUG_INFORMATION_FORMAT = dwarf;
				ENABLE_STRICT_OBJC_MSGSEND = YES;
				ENABLE_TESTABILITY = YES;
				ENABLE_USER_SCRIPT_SANDBOXING = YES;
				GCC_C_LANGUAGE_STANDARD = gnu17;
				GCC_DYNAMIC_NO_PIC = NO;
				GCC_NO_COMMON_BLOCKS = YES;
				GCC_OPTIMIZATION_LEVEL = 0;
				GCC_PREPROCESSOR_DEFINITIONS = (
					"DEBUG=1",
					"$(inherited)",
				);
				GCC_WARN_64_TO_32_BIT_CONVERSION = YES;
				GCC_WARN_ABOUT_RETURN_TYPE = YES_ERROR;
				GCC_WARN_UNDECLARED_SELECTOR = YES;
				GCC_WARN_UNINITIALIZED_AUTOS = YES_AGGRESSIVE;
				GCC_WARN_UNUSED_FUNCTION = YES;
				GCC_WARN_UNUSED_VARIABLE = YES;
				IPHONEOS_DEPLOYMENT_TARGET = 17.5;
				LOCALIZATION_PREFERS_STRING_CATALOGS = YES;
				MTL_ENABLE_DEBUG_INFO = INCLUDE_SOURCE;
				MTL_FAST_MATH = YES;
				ONLY_ACTIVE_ARCH = YES;
				SDKROOT = iphoneos;
				SWIFT_ACTIVE_COMPILATION_CONDITIONS = "DEBUG $(inherited)";
				SWIFT_OPTIMIZATION_LEVEL = "-Onone";
			};
			name = Debug;
		};
		EF388E6B2C3281F3004A15A2 /* Release */ = {
			isa = XCBuildConfiguration;
			buildSettings = {
				ALWAYS_SEARCH_USER_PATHS = NO;
				ASSETCATALOG_COMPILER_GENERATE_SWIFT_ASSET_SYMBOL_EXTENSIONS = YES;
				CLANG_ANALYZER_NONNULL = YES;
				CLANG_ANALYZER_NUMBER_OBJECT_CONVERSION = YES_AGGRESSIVE;
				CLANG_CXX_LANGUAGE_STANDARD = "gnu++20";
				CLANG_ENABLE_MODULES = YES;
				CLANG_ENABLE_OBJC_ARC = YES;
				CLANG_ENABLE_OBJC_WEAK = YES;
				CLANG_WARN_BLOCK_CAPTURE_AUTORELEASING = YES;
				CLANG_WARN_BOOL_CONVERSION = YES;
				CLANG_WARN_COMMA = YES;
				CLANG_WARN_CONSTANT_CONVERSION = YES;
				CLANG_WARN_DEPRECATED_OBJC_IMPLEMENTATIONS = YES;
				CLANG_WARN_DIRECT_OBJC_ISA_USAGE = YES_ERROR;
				CLANG_WARN_DOCUMENTATION_COMMENTS = YES;
				CLANG_WARN_EMPTY_BODY = YES;
				CLANG_WARN_ENUM_CONVERSION = YES;
				CLANG_WARN_INFINITE_RECURSION = YES;
				CLANG_WARN_INT_CONVERSION = YES;
				CLANG_WARN_NON_LITERAL_NULL_CONVERSION = YES;
				CLANG_WARN_OBJC_IMPLICIT_RETAIN_SELF = YES;
				CLANG_WARN_OBJC_LITERAL_CONVERSION = YES;
				CLANG_WARN_OBJC_ROOT_CLASS = YES_ERROR;
				CLANG_WARN_QUOTED_INCLUDE_IN_FRAMEWORK_HEADER = YES;
				CLANG_WARN_RANGE_LOOP_ANALYSIS = YES;
				CLANG_WARN_STRICT_PROTOTYPES = YES;
				CLANG_WARN_SUSPICIOUS_MOVE = YES;
				CLANG_WARN_UNGUARDED_AVAILABILITY = YES_AGGRESSIVE;
				CLANG_WARN_UNREACHABLE_CODE = YES;
				CLANG_WARN__DUPLICATE_METHOD_MATCH = YES;
				COPY_PHASE_STRIP = NO;
				DEBUG_INFORMATION_FORMAT = "dwarf-with-dsym";
				ENABLE_NS_ASSERTIONS = NO;
				ENABLE_STRICT_OBJC_MSGSEND = YES;
				ENABLE_USER_SCRIPT_SANDBOXING = YES;
				GCC_C_LANGUAGE_STANDARD = gnu17;
				GCC_NO_COMMON_BLOCKS = YES;
				GCC_WARN_64_TO_32_BIT_CONVERSION = YES;
				GCC_WARN_ABOUT_RETURN_TYPE = YES_ERROR;
				GCC_WARN_UNDECLARED_SELECTOR = YES;
				GCC_WARN_UNINITIALIZED_AUTOS = YES_AGGRESSIVE;
				GCC_WARN_UNUSED_FUNCTION = YES;
				GCC_WARN_UNUSED_VARIABLE = YES;
				IPHONEOS_DEPLOYMENT_TARGET = 17.5;
				LOCALIZATION_PREFERS_STRING_CATALOGS = YES;
				MTL_ENABLE_DEBUG_INFO = NO;
				MTL_FAST_MATH = YES;
				SDKROOT = iphoneos;
				SWIFT_COMPILATION_MODE = wholemodule;
				VALIDATE_PRODUCT = YES;
			};
			name = Release;
		};
		EF388E6D2C3281F3004A15A2 /* Debug */ = {
			isa = XCBuildConfiguration;
			buildSettings = {
				ASSETCATALOG_COMPILER_APPICON_NAME = AppIcon;
				ASSETCATALOG_COMPILER_GLOBAL_ACCENT_COLOR_NAME = AccentColor;
				CODE_SIGN_STYLE = Automatic;
				CURRENT_PROJECT_VERSION = 1;
				DEVELOPMENT_ASSET_PATHS = "\"iDine/Preview Content\"";
				ENABLE_PREVIEWS = YES;
				GENERATE_INFOPLIST_FILE = YES;
				INFOPLIST_KEY_UIApplicationSceneManifest_Generation = YES;
				INFOPLIST_KEY_UIApplicationSupportsIndirectInputEvents = YES;
				INFOPLIST_KEY_UILaunchScreen_Generation = YES;
				INFOPLIST_KEY_UISupportedInterfaceOrientations_iPad = "UIInterfaceOrientationPortrait UIInterfaceOrientationPortraitUpsideDown UIInterfaceOrientationLandscapeLeft UIInterfaceOrientationLandscapeRight";
				INFOPLIST_KEY_UISupportedInterfaceOrientations_iPhone = "UIInterfaceOrientationPortrait UIInterfaceOrientationLandscapeLeft UIInterfaceOrientationLandscapeRight";
				LD_RUNPATH_SEARCH_PATHS = (
					"$(inherited)",
					"@executable_path/Frameworks",
				);
				MARKETING_VERSION = 1.0;
				PRODUCT_BUNDLE_IDENTIFIER = Arshad.iodine;
				PRODUCT_NAME = "$(TARGET_NAME)";
				SWIFT_EMIT_LOC_STRINGS = YES;
				SWIFT_VERSION = 5.0;
				TARGETED_DEVICE_FAMILY = "1,2";
			};
			name = Debug;
		};
		EF388E6E2C3281F3004A15A2 /* Release */ = {
			isa = XCBuildConfiguration;
			buildSettings = {
				ASSETCATALOG_COMPILER_APPICON_NAME = AppIcon;
				ASSETCATALOG_COMPILER_GLOBAL_ACCENT_COLOR_NAME = AccentColor;
				CODE_SIGN_STYLE = Automatic;
				CURRENT_PROJECT_VERSION = 1;
				DEVELOPMENT_ASSET_PATHS = "\"iDine/Preview Content\"";
				ENABLE_PREVIEWS = YES;
				GENERATE_INFOPLIST_FILE = YES;
				INFOPLIST_KEY_UIApplicationSceneManifest_Generation = YES;
				INFOPLIST_KEY_UIApplicationSupportsIndirectInputEvents = YES;
				INFOPLIST_KEY_UILaunchScreen_Generation = YES;
				INFOPLIST_KEY_UISupportedInterfaceOrientations_iPad = "UIInterfaceOrientationPortrait UIInterfaceOrientationPortraitUpsideDown UIInterfaceOrientationLandscapeLeft UIInterfaceOrientationLandscapeRight";
				INFOPLIST_KEY_UISupportedInterfaceOrientations_iPhone = "UIInterfaceOrientationPortrait UIInterfaceOrientationLandscapeLeft UIInterfaceOrientationLandscapeRight";
				LD_RUNPATH_SEARCH_PATHS = (
					"$(inherited)",
					"@executable_path/Frameworks",
				);
				MARKETING_VERSION = 1.0;
				PRODUCT_BUNDLE_IDENTIFIER = Arshad.iodine;
				PRODUCT_NAME = "$(TARGET_NAME)";
				SWIFT_EMIT_LOC_STRINGS = YES;
				SWIFT_VERSION = 5.0;
				TARGETED_DEVICE_FAMILY = "1,2";
			};
			name = Release;
		};
/* End XCBuildConfiguration section */

/* Begin XCConfigurationList section */
		EF388E592C3281F2004A15A2 /* Build configuration list for PBXProject "iDine" */ = {
			isa = XCConfigurationList;
			buildConfigurations = (
				EF388E6A2C3281F3004A15A2 /* Debug */,
				EF388E6B2C3281F3004A15A2 /* Release */,
			);
			defaultConfigurationIsVisible = 0;
			defaultConfigurationName = Release;
		};
		EF388E6C2C3281F3004A15A2 /* Build configuration list for PBXNativeTarget "iDine" */ = {
			isa = XCConfigurationList;
			buildConfigurations = (
				EF388E6D2C3281F3004A15A2 /* Debug */,
				EF388E6E2C3281F3004A15A2 /* Release */,
			);
			defaultConfigurationIsVisible = 0;
			defaultConfigurationName = Release;
		};
/* End XCConfigurationList section */
	};
	rootObject = EF388E562C3281F2004A15A2 /* Project object */;
}
